
Microsoft Visual Studio Solution File, Format Version 12.00
# Visual Studio Version 17
VisualStudioVersion = 17.2.32630.192
MinimumVisualStudioVersion = 10.0.40219.1
Project("{FAE04EC0-301F-11D3-BF4B-00C04F79EFBC}") = "СSHP", "СSHP\СSHP.csproj", "{D853D2D9-50BE-49F9-B262-6611EEE4F05D}"
EndProject
Global
	GlobalSection(SolutionConfigurationPlatforms) = preSolution
		Debug|Any CPU = Debug|Any CPU
		Release|Any CPU = Release|Any CPU
	EndGlobalSection
	GlobalSection(ProjectConfigurationPlatforms) = postSolution
		{D853D2D9-50BE-49F9-B262-6611EEE4F05D}.Debug|Any CPU.ActiveCfg = Debug|Any CPU
		{D853D2D9-50BE-49F9-B262-6611EEE4F05D}.Debug|Any CPU.Build.0 = Debug|Any CPU
		{D853D2D9-50BE-49F9-B262-6611EEE4F05D}.Release|Any CPU.ActiveCfg = Release|Any CPU
		{D853D2D9-50BE-49F9-B262-6611EEE4F05D}.Release|Any CPU.Build.0 = Release|Any CPU
	EndGlobalSection
	GlobalSection(SolutionProperties) = preSolution
		HideSolutionNode = FALSE
	EndGlobalSection
	GlobalSection(ExtensibilityGlobals) = postSolution
		SolutionGuid = {545FF425-340A-4507-A22D-88C604CFD8BD}
	EndGlobalSection
EndGlobal
